{
  "nodes": {
    "agenix": {
      "inputs": {
        "darwin": "darwin",
        "home-manager": "home-manager",
        "nixpkgs": [
          "nixpkgs"
        ]
      },
      "locked": {
        "lastModified": 1701216516,
        "narHash": "sha256-jKSeJn+7hZ1dZdiH1L+NWUGT2i/BGomKAJ54B9kT06Q=",
        "owner": "ryantm",
        "repo": "agenix",
        "rev": "13ac9ac6d68b9a0896e3d43a082947233189e247",
        "type": "github"
      },
      "original": {
        "owner": "ryantm",
        "repo": "agenix",
        "type": "github"
      }
    },
    "darwin": {
      "inputs": {
        "nixpkgs": [
          "agenix",
          "nixpkgs"
        ]
      },
      "locked": {
        "lastModified": 1673295039,
        "narHash": "sha256-AsdYgE8/GPwcelGgrntlijMg4t3hLFJFCRF3tL5WVjA=",
        "owner": "lnl7",
        "repo": "nix-darwin",
        "rev": "87b9d090ad39b25b2400029c64825fc2a8868943",
        "type": "github"
      },
      "original": {
        "owner": "lnl7",
        "ref": "master",
        "repo": "nix-darwin",
        "type": "github"
      }
    },
    "home-manager": {
      "inputs": {
        "nixpkgs": [
          "agenix",
          "nixpkgs"
        ]
      },
      "locked": {
        "lastModified": 1682203081,
        "narHash": "sha256-kRL4ejWDhi0zph/FpebFYhzqlOBrk0Pl3dzGEKSAlEw=",
        "owner": "nix-community",
        "repo": "home-manager",
        "rev": "32d3e39c491e2f91152c84f8ad8b003420eab0a1",
        "type": "github"
      },
      "original": {
        "owner": "nix-community",
        "repo": "home-manager",
        "type": "github"
      }
    },
    "home-manager_2": {
      "inputs": {
        "nixpkgs": [
          "nixpkgs"
        ]
      },
      "locked": {
        "lastModified": 1702814678,
        "narHash": "sha256-zDtO0jV2QLoddUJinLlTQrQqCUW3dPiIWOSYgg98T7E=",
        "owner": "nix-community",
        "repo": "home-manager",
        "rev": "1488651d02c1a7a15e284210f0d380a62d8d8cef",
        "type": "github"
      },
      "original": {
        "owner": "nix-community",
        "ref": "release-23.11",
        "repo": "home-manager",
        "type": "github"
      }
    },
    "nixos-hardware": {
      "locked": {
        "lastModified": 1702453208,
        "narHash": "sha256-0wRi9SposfE2wHqjuKt8WO2izKB/ASDOV91URunIqgo=",
        "owner": "nixos",
        "repo": "nixos-hardware",
        "rev": "7763c6fd1f299cb9361ff2abf755ed9619ef01d6",
        "type": "github"
      },
      "original": {
        "owner": "nixos",
        "repo": "nixos-hardware",
        "type": "github"
      }
    },
    "nixpkgs": {
      "locked": {
        "lastModified": 1702780907,
        "narHash": "sha256-blbrBBXjjZt6OKTcYX1jpe9SRof2P9ZYWPzq22tzXAA=",
        "owner": "nixos",
        "repo": "nixpkgs",
        "rev": "1e2e384c5b7c50dbf8e9c441a9e58d85f408b01f",
        "type": "github"
      },
      "original": {
        "owner": "nixos",
        "ref": "nixos-23.11",
        "repo": "nixpkgs",
        "type": "github"
      }
    },
    "nixpkgs-unstable": {
      "locked": {
        "lastModified": 1702830618,
        "narHash": "sha256-lvhwIvRwhOLgzbRuYkqHy4M5cQHYs4ktL6/hyuBS6II=",
        "owner": "NixOS",
        "repo": "nixpkgs",
        "rev": "91a00709aebb3602f172a0bf47ba1ef013e34835",
        "type": "github"
      },
      "original": {
        "owner": "NixOS",
        "ref": "nixos-unstable",
        "repo": "nixpkgs",
        "type": "github"
      }
    },
    "root": {
      "inputs": {
        "agenix": "agenix",
        "home-manager": "home-manager_2",
        "nixos-hardware": "nixos-hardware",
        "nixpkgs": "nixpkgs",
        "nixpkgs-unstable": "nixpkgs-unstable"
      }
    }
  },
  "root": "root",
  "version": 7
}
